{
  "lockfileVersion": 1,
  "configVersion": 1,
  "workspaces": {
    "": {
      "name": "overseas-erp-api",
      "dependencies": {
        "hono": "^4.13.11",
      },
      "devDependencies": {
        "typescript": "~6",
      },
    },
  },
  "packages": {
    "hono": ["hono@4.13.11", "", {}, "sha512-/SMX/RQNJn7oNmFwH6DtwDqcrzZU2otm1FD6OJe2cWF6cfy/F8hq0XVBv7xW3FTJshRQwuBnXHDq2kNsdZnshg=="],

    "typescript": ["typescript@6.0.3", "", { "bin": { "tsc": "bin/tsc", "tsserver": "bin/tsserver" } }, "sha512-y2TvuxSZPDyQakkFRPZHKFm+KKVqIisdg9/CZwm9ftvKXLP8NRWj38/ODjNbr43SsoXqNuAisEf1GdCxqWcdBw=="],
  }
}
